
Microsoft Visual Studio Solution File, Format Version 12.00
Project("{FAE04EC0-301F-11D3-BF4B-00C04F79EFBC}") = "Server", "Server\Server.csproj", "{140E8499-6DEA-43F2-83DF-F5092E2FE960}"
EndProject
Project("{FAE04EC0-301F-11D3-BF4B-00C04F79EFBC}") = "Client", "Client\Client.csproj", "{60A1F1AD-621E-4DDC-A0F3-7FA7D1C1C1C5}"
EndProject
Global
	GlobalSection(SolutionConfigurationPlatforms) = preSolution
		Debug|Any CPU = Debug|Any CPU
		Release|Any CPU = Release|Any CPU
	EndGlobalSection
	GlobalSection(ProjectConfigurationPlatforms) = postSolution
		{140E8499-6DEA-43F2-83DF-F5092E2FE960}.Debug|Any CPU.ActiveCfg = Debug|Any CPU
		{140E8499-6DEA-43F2-83DF-F5092E2FE960}.Debug|Any CPU.Build.0 = Debug|Any CPU
		{140E8499-6DEA-43F2-83DF-F5092E2FE960}.Release|Any CPU.ActiveCfg = Release|Any CPU
		{140E8499-6DEA-43F2-83DF-F5092E2FE960}.Release|Any CPU.Build.0 = Release|Any CPU
		{60A1F1AD-621E-4DDC-A0F3-7FA7D1C1C1C5}.Debug|Any CPU.ActiveCfg = Debug|Any CPU
		{60A1F1AD-621E-4DDC-A0F3-7FA7D1C1C1C5}.Debug|Any CPU.Build.0 = Debug|Any CPU
		{60A1F1AD-621E-4DDC-A0F3-7FA7D1C1C1C5}.Release|Any CPU.ActiveCfg = Release|Any CPU
		{60A1F1AD-621E-4DDC-A0F3-7FA7D1C1C1C5}.Release|Any CPU.Build.0 = Release|Any CPU
	EndGlobalSection
EndGlobal
